// !$*UTF8*$!
{
	archiveVersion = 1;
	classes = {
	};
	objectVersion = 55;
	objects = {

/* Begin PBXBuildFile section */
		FA0CF54927FE004800ACF4F3 /* AppDelegate.swift in Sources */ = {isa = PBXBuildFile; fileRef = FA0CF54827FE004800ACF4F3 /* AppDelegate.swift */; };
		FA0CF54B27FE004800ACF4F3 /* SceneDelegate.swift in Sources */ = {isa = PBXBuildFile; fileRef = FA0CF54A27FE004800ACF4F3 /* SceneDelegate.swift */; };
		FA0CF54D27FE004800ACF4F3 /* SearchViewController.swift in Sources */ = {isa = PBXBuildFile; fileRef = FA0CF54C27FE004800ACF4F3 /* SearchViewController.swift */; };
		FA0CF55027FE004800ACF4F3 /* Main.storyboard in Resources */ = {isa = PBXBuildFile; fileRef = FA0CF54E27FE004800ACF4F3 /* Main.storyboard */; };
		FA0CF55227FE004F00ACF4F3 /* Assets.xcassets in Resources */ = {isa = PBXBuildFile; fileRef = FA0CF55127FE004F00ACF4F3 /* Assets.xcassets */; };
		FA0CF55527FE004F00ACF4F3 /* LaunchScreen.storyboard in Resources */ = {isa = PBXBuildFile; fileRef = FA0CF55327FE004F00ACF4F3 /* LaunchScreen.storyboard */; };
		FA0CF55D27FE17B100ACF4F3 /* DetailsViewController.swift in Sources */ = {isa = PBXBuildFile; fileRef = FA0CF55C27FE17B100ACF4F3 /* DetailsViewController.swift */; };
		FA0CF55F27FE184400ACF4F3 /* Networking.swift in Sources */ = {isa = PBXBuildFile; fileRef = FA0CF55E27FE184400ACF4F3 /* Networking.swift */; };
		FA0CF56127FE187A00ACF4F3 /* CurrentWeather.swift in Sources */ = {isa = PBXBuildFile; fileRef = FA0CF56027FE187A00ACF4F3 /* CurrentWeather.swift */; };
		FA0CF56327FE189C00ACF4F3 /* ForecastWeather.swift in Sources */ = {isa = PBXBuildFile; fileRef = FA0CF56227FE189C00ACF4F3 /* ForecastWeather.swift */; };
		FA7A726D27FE21BC00FFA828 /* Alamofire in Frameworks */ = {isa = PBXBuildFile; productRef = FA7A726C27FE21BC00FFA828 /* Alamofire */; };
		FA7A727027FE3E2C00FFA828 /* ResultTableViewCell.swift in Sources */ = {isa = PBXBuildFile; fileRef = FA7A726E27FE3E2C00FFA828 /* ResultTableViewCell.swift */; };
		FA7A727127FE3E2C00FFA828 /* ResultTableViewCell.xib in Resources */ = {isa = PBXBuildFile; fileRef = FA7A726F27FE3E2C00FFA828 /* ResultTableViewCell.xib */; };
		FA7A727527FF04A800FFA828 /* HourlyCollectionViewCell.swift in Sources */ = {isa = PBXBuildFile; fileRef = FA7A727427FF04A800FFA828 /* HourlyCollectionViewCell.swift */; };
		FA7A727727FF04C000FFA828 /* DailyTableViewCell.swift in Sources */ = {isa = PBXBuildFile; fileRef = FA7A727627FF04C000FFA828 /* DailyTableViewCell.swift */; };
		FA7A727C27FF43E100FFA828 /* PaddingLabel.swift in Sources */ = {isa = PBXBuildFile; fileRef = FA7A727B27FF43E100FFA828 /* PaddingLabel.swift */; };
		FA7A727F27FF4A4800FFA828 /* RxSwift in Frameworks */ = {isa = PBXBuildFile; productRef = FA7A727E27FF4A4800FFA828 /* RxSwift */; };
		FA7A72A127FF89D900FFA828 /* SavedSearchResult.swift in Sources */ = {isa = PBXBuildFile; fileRef = FA7A72A027FF89D900FFA828 /* SavedSearchResult.swift */; };
		FA7A72A527FFA09500FFA828 /* UIImage+Extensions.swift in Sources */ = {isa = PBXBuildFile; fileRef = FA7A72A427FFA09500FFA828 /* UIImage+Extensions.swift */; };
		FA7A72A727FFA11D00FFA828 /* Int+Extensions.swift in Sources */ = {isa = PBXBuildFile; fileRef = FA7A72A627FFA11D00FFA828 /* Int+Extensions.swift */; };
		FA7A72AA27FFA84200FFA828 /* String+Extension.swift in Sources */ = {isa = PBXBuildFile; fileRef = FA7A72A927FFA84200FFA828 /* String+Extension.swift */; };
		FA7A72AD27FFBAB500FFA828 /* Kingfisher in Frameworks */ = {isa = PBXBuildFile; productRef = FA7A72AC27FFBAB500FFA828 /* Kingfisher */; };
		FADBA25C280452A700673838 /* Double+Extensions.swift in Sources */ = {isa = PBXBuildFile; fileRef = FADBA25B280452A700673838 /* Double+Extensions.swift */; };
		FADBA2602804534A00673838 /* SearchViewModel.swift in Sources */ = {isa = PBXBuildFile; fileRef = FADBA25F2804534A00673838 /* SearchViewModel.swift */; };
		FADBA2642804573E00673838 /* DetailsViewModel.swift in Sources */ = {isa = PBXBuildFile; fileRef = FADBA2632804573E00673838 /* DetailsViewModel.swift */; };
/* End PBXBuildFile section */

/* Begin PBXFileReference section */
		FA0CF54527FE004800ACF4F3 /* CityWeatherApp.app */ = {isa = PBXFileReference; explicitFileType = wrapper.application; includeInIndex = 0; path = CityWeatherApp.app; sourceTree = BUILT_PRODUCTS_DIR; };
		FA0CF54827FE004800ACF4F3 /* AppDelegate.swift */ = {isa = PBXFileReference; lastKnownFileType = sourcecode.swift; path = AppDelegate.swift; sourceTree = "<group>"; };
		FA0CF54A27FE004800ACF4F3 /* SceneDelegate.swift */ = {isa = PBXFileReference; lastKnownFileType = sourcecode.swift; path = SceneDelegate.swift; sourceTree = "<group>"; };
		FA0CF54C27FE004800ACF4F3 /* SearchViewController.swift */ = {isa = PBXFileReference; lastKnownFileType = sourcecode.swift; path = SearchViewController.swift; sourceTree = "<group>"; };
		FA0CF54F27FE004800ACF4F3 /* Base */ = {isa = PBXFileReference; lastKnownFileType = file.storyboard; name = Base; path = Base.lproj/Main.storyboard; sourceTree = "<group>"; };
		FA0CF55127FE004F00ACF4F3 /* Assets.xcassets */ = {isa = PBXFileReference; lastKnownFileType = folder.assetcatalog; path = Assets.xcassets; sourceTree = "<group>"; };
		FA0CF55427FE004F00ACF4F3 /* Base */ = {isa = PBXFileReference; lastKnownFileType = file.storyboard; name = Base; path = Base.lproj/LaunchScreen.storyboard; sourceTree = "<group>"; };
		FA0CF55627FE004F00ACF4F3 /* Info.plist */ = {isa = PBXFileReference; lastKnownFileType = text.plist.xml; path = Info.plist; sourceTree = "<group>"; };
		FA0CF55C27FE17B100ACF4F3 /* DetailsViewController.swift */ = {isa = PBXFileReference; lastKnownFileType = sourcecode.swift; path = DetailsViewController.swift; sourceTree = "<group>"; };
		FA0CF55E27FE184400ACF4F3 /* Networking.swift */ = {isa = PBXFileReference; lastKnownFileType = sourcecode.swift; path = Networking.swift; sourceTree = "<group>"; };
		FA0CF56027FE187A00ACF4F3 /* CurrentWeather.swift */ = {isa = PBXFileReference; lastKnownFileType = sourcecode.swift; path = CurrentWeather.swift; sourceTree = "<group>"; };
		FA0CF56227FE189C00ACF4F3 /* ForecastWeather.swift */ = {isa = PBXFileReference; lastKnownFileType = sourcecode.swift; path = ForecastWeather.swift; sourceTree = "<group>"; };
		FA7A726E27FE3E2C00FFA828 /* ResultTableViewCell.swift */ = {isa = PBXFileReference; lastKnownFileType = sourcecode.swift; path = ResultTableViewCell.swift; sourceTree = "<group>"; };
		FA7A726F27FE3E2C00FFA828 /* ResultTableViewCell.xib */ = {isa = PBXFileReference; lastKnownFileType = file.xib; path = ResultTableViewCell.xib; sourceTree = "<group>"; };
		FA7A727427FF04A800FFA828 /* HourlyCollectionViewCell.swift */ = {isa = PBXFileReference; lastKnownFileType = sourcecode.swift; path = HourlyCollectionViewCell.swift; sourceTree = "<group>"; };
		FA7A727627FF04C000FFA828 /* DailyTableViewCell.swift */ = {isa = PBXFileReference; lastKnownFileType = sourcecode.swift; path = DailyTableViewCell.swift; sourceTree = "<group>"; };
		FA7A727B27FF43E100FFA828 /* PaddingLabel.swift */ = {isa = PBXFileReference; lastKnownFileType = sourcecode.swift; path = PaddingLabel.swift; sourceTree = "<group>"; };
		FA7A72A027FF89D900FFA828 /* SavedSearchResult.swift */ = {isa = PBXFileReference; lastKnownFileType = sourcecode.swift; path = SavedSearchResult.swift; sourceTree = "<group>"; };
		FA7A72A427FFA09500FFA828 /* UIImage+Extensions.swift */ = {isa = PBXFileReference; lastKnownFileType = sourcecode.swift; path = "UIImage+Extensions.swift"; sourceTree = "<group>"; };
		FA7A72A627FFA11D00FFA828 /* Int+Extensions.swift */ = {isa = PBXFileReference; lastKnownFileType = sourcecode.swift; path = "Int+Extensions.swift"; sourceTree = "<group>"; };
		FA7A72A927FFA84200FFA828 /* String+Extension.swift */ = {isa = PBXFileReference; lastKnownFileType = sourcecode.swift; path = "String+Extension.swift"; sourceTree = "<group>"; };
		FADBA25B280452A700673838 /* Double+Extensions.swift */ = {isa = PBXFileReference; lastKnownFileType = sourcecode.swift; path = "Double+Extensions.swift"; sourceTree = "<group>"; };
		FADBA25F2804534A00673838 /* SearchViewModel.swift */ = {isa = PBXFileReference; lastKnownFileType = sourcecode.swift; path = SearchViewModel.swift; sourceTree = "<group>"; };
		FADBA2632804573E00673838 /* DetailsViewModel.swift */ = {isa = PBXFileReference; lastKnownFileType = sourcecode.swift; path = DetailsViewModel.swift; sourceTree = "<group>"; };
/* End PBXFileReference section */

/* Begin PBXFrameworksBuildPhase section */
		FA0CF54227FE004800ACF4F3 /* Frameworks */ = {
			isa = PBXFrameworksBuildPhase;
			buildActionMask = 2147483647;
			files = (
				FA7A72AD27FFBAB500FFA828 /* Kingfisher in Frameworks */,
				FA7A727F27FF4A4800FFA828 /* RxSwift in Frameworks */,
				FA7A726D27FE21BC00FFA828 /* Alamofire in Frameworks */,
			);
			runOnlyForDeploymentPostprocessing = 0;
		};
/* End PBXFrameworksBuildPhase section */

/* Begin PBXGroup section */
		FA0CF53C27FE004800ACF4F3 = {
			isa = PBXGroup;
			children = (
				FA0CF54727FE004800ACF4F3 /* CityWeatherApp */,
				FA0CF54627FE004800ACF4F3 /* Products */,
			);
			sourceTree = "<group>";
		};
		FA0CF54627FE004800ACF4F3 /* Products */ = {
			isa = PBXGroup;
			children = (
				FA0CF54527FE004800ACF4F3 /* CityWeatherApp.app */,
			);
			name = Products;
			sourceTree = "<group>";
		};
		FA0CF54727FE004800ACF4F3 /* CityWeatherApp */ = {
			isa = PBXGroup;
			children = (
				FA0CF54827FE004800ACF4F3 /* AppDelegate.swift */,
				FA0CF54A27FE004800ACF4F3 /* SceneDelegate.swift */,
				FADBA25E2804533400673838 /* Networking */,
				FA7A72A227FF9DDF00FFA828 /* Model */,
				FADBA25D280452F200673838 /* SearchScreen */,
				FADBA261280456DC00673838 /* ResultScreen */,
				FA0CF54E27FE004800ACF4F3 /* Main.storyboard */,
				FA0CF55127FE004F00ACF4F3 /* Assets.xcassets */,
				FA0CF55327FE004F00ACF4F3 /* LaunchScreen.storyboard */,
				FA0CF55627FE004F00ACF4F3 /* Info.plist */,
				FA7A72A327FFA07F00FFA828 /* Extensions */,
			);
			path = CityWeatherApp;
			sourceTree = "<group>";
		};
		FA7A72A227FF9DDF00FFA828 /* Model */ = {
			isa = PBXGroup;
			children = (
				FA0CF56027FE187A00ACF4F3 /* CurrentWeather.swift */,
				FA0CF56227FE189C00ACF4F3 /* ForecastWeather.swift */,
				FA7A72A027FF89D900FFA828 /* SavedSearchResult.swift */,
				FA7A727B27FF43E100FFA828 /* PaddingLabel.swift */,
			);
			path = Model;
			sourceTree = "<group>";
		};
		FA7A72A327FFA07F00FFA828 /* Extensions */ = {
			isa = PBXGroup;
			children = (
				FA7A72A427FFA09500FFA828 /* UIImage+Extensions.swift */,
				FA7A72A627FFA11D00FFA828 /* Int+Extensions.swift */,
				FA7A72A927FFA84200FFA828 /* String+Extension.swift */,
				FADBA25B280452A700673838 /* Double+Extensions.swift */,
			);
			path = Extensions;
			sourceTree = "<group>";
		};
		FADBA25D280452F200673838 /* SearchScreen */ = {
			isa = PBXGroup;
			children = (
				FA0CF54C27FE004800ACF4F3 /* SearchViewController.swift */,
				FADBA25F2804534A00673838 /* SearchViewModel.swift */,
			);
			path = SearchScreen;
			sourceTree = "<group>";
		};
		FADBA25E2804533400673838 /* Networking */ = {
			isa = PBXGroup;
			children = (
				FA0CF55E27FE184400ACF4F3 /* Networking.swift */,
			);
			path = Networking;
			sourceTree = "<group>";
		};
		FADBA261280456DC00673838 /* ResultScreen */ = {
			isa = PBXGroup;
			children = (
				FADBA2632804573E00673838 /* DetailsViewModel.swift */,
				FA0CF55C27FE17B100ACF4F3 /* DetailsViewController.swift */,
				FADBA2622804570200673838 /* Cells */,
			);
			path = ResultScreen;
			sourceTree = "<group>";
		};
		FADBA2622804570200673838 /* Cells */ = {
			isa = PBXGroup;
			children = (
				FA7A726E27FE3E2C00FFA828 /* ResultTableViewCell.swift */,
				FA7A726F27FE3E2C00FFA828 /* ResultTableViewCell.xib */,
				FA7A727427FF04A800FFA828 /* HourlyCollectionViewCell.swift */,
				FA7A727627FF04C000FFA828 /* DailyTableViewCell.swift */,
			);
			path = Cells;
			sourceTree = "<group>";
		};
/* End PBXGroup section */

/* Begin PBXNativeTarget section */
		FA0CF54427FE004800ACF4F3 /* CityWeatherApp */ = {
			isa = PBXNativeTarget;
			buildConfigurationList = FA0CF55927FE004F00ACF4F3 /* Build configuration list for PBXNativeTarget "CityWeatherApp" */;
			buildPhases = (
				FA0CF54127FE004800ACF4F3 /* Sources */,
				FA0CF54227FE004800ACF4F3 /* Frameworks */,
				FA0CF54327FE004800ACF4F3 /* Resources */,
				FA7A72A827FFA16800FFA828 /* ShellScript */,
			);
			buildRules = (
			);
			dependencies = (
			);
			name = CityWeatherApp;
			packageProductDependencies = (
				FA7A726C27FE21BC00FFA828 /* Alamofire */,
				FA7A727E27FF4A4800FFA828 /* RxSwift */,
				FA7A72AC27FFBAB500FFA828 /* Kingfisher */,
			);
			productName = CityWeatherApp;
			productReference = FA0CF54527FE004800ACF4F3 /* CityWeatherApp.app */;
			productType = "com.apple.product-type.application";
		};
/* End PBXNativeTarget section */

/* Begin PBXProject section */
		FA0CF53D27FE004800ACF4F3 /* Project object */ = {
			isa = PBXProject;
			attributes = {
				BuildIndependentTargetsInParallel = 1;
				LastSwiftUpdateCheck = 1330;
				LastUpgradeCheck = 1330;
				TargetAttributes = {
					FA0CF54427FE004800ACF4F3 = {
						CreatedOnToolsVersion = 13.3;
					};
				};
			};
			buildConfigurationList = FA0CF54027FE004800ACF4F3 /* Build configuration list for PBXProject "CityWeatherApp" */;
			compatibilityVersion = "Xcode 13.0";
			developmentRegion = en;
			hasScannedForEncodings = 0;
			knownRegions = (
				en,
				Base,
			);
			mainGroup = FA0CF53C27FE004800ACF4F3;
			packageReferences = (
				FA7A726B27FE21BC00FFA828 /* XCRemoteSwiftPackageReference "Alamofire" */,
				FA7A727D27FF4A4800FFA828 /* XCRemoteSwiftPackageReference "RxSwift" */,
				FA7A72AB27FFBAB500FFA828 /* XCRemoteSwiftPackageReference "Kingfisher" */,
			);
			productRefGroup = FA0CF54627FE004800ACF4F3 /* Products */;
			projectDirPath = "";
			projectRoot = "";
			targets = (
				FA0CF54427FE004800ACF4F3 /* CityWeatherApp */,
			);
		};
/* End PBXProject section */

/* Begin PBXResourcesBuildPhase section */
		FA0CF54327FE004800ACF4F3 /* Resources */ = {
			isa = PBXResourcesBuildPhase;
			buildActionMask = 2147483647;
			files = (
				FA0CF55527FE004F00ACF4F3 /* LaunchScreen.storyboard in Resources */,
				FA0CF55227FE004F00ACF4F3 /* Assets.xcassets in Resources */,
				FA7A727127FE3E2C00FFA828 /* ResultTableViewCell.xib in Resources */,
				FA0CF55027FE004800ACF4F3 /* Main.storyboard in Resources */,
			);
			runOnlyForDeploymentPostprocessing = 0;
		};
/* End PBXResourcesBuildPhase section */

/* Begin PBXShellScriptBuildPhase section */
		FA7A72A827FFA16800FFA828 /* ShellScript */ = {
			isa = PBXShellScriptBuildPhase;
			buildActionMask = 2147483647;
			files = (
			);
			inputFileListPaths = (
			);
			inputPaths = (
			);
			outputFileListPaths = (
			);
			outputPaths = (
			);
			runOnlyForDeploymentPostprocessing = 0;
			shellPath = /bin/sh;
			shellScript = "if which swiftlint > /dev/null; then\n  swiftlint\nelse\n  echo \"warning: SwiftLint not installed, download from https://github.com/realm/SwiftLint\"\nfi\n";
		};
/* End PBXShellScriptBuildPhase section */

/* Begin PBXSourcesBuildPhase section */
		FA0CF54127FE004800ACF4F3 /* Sources */ = {
			isa = PBXSourcesBuildPhase;
			buildActionMask = 2147483647;
			files = (
				FA7A727C27FF43E100FFA828 /* PaddingLabel.swift in Sources */,
				FA0CF54D27FE004800ACF4F3 /* SearchViewController.swift in Sources */,
				FA0CF55F27FE184400ACF4F3 /* Networking.swift in Sources */,
				FA0CF56327FE189C00ACF4F3 /* ForecastWeather.swift in Sources */,
				FA0CF54927FE004800ACF4F3 /* AppDelegate.swift in Sources */,
				FA0CF54B27FE004800ACF4F3 /* SceneDelegate.swift in Sources */,
				FA7A72A527FFA09500FFA828 /* UIImage+Extensions.swift in Sources */,
				FA0CF56127FE187A00ACF4F3 /* CurrentWeather.swift in Sources */,
				FADBA25C280452A700673838 /* Double+Extensions.swift in Sources */,
				FA7A72A727FFA11D00FFA828 /* Int+Extensions.swift in Sources */,
				FA7A727727FF04C000FFA828 /* DailyTableViewCell.swift in Sources */,
				FA7A727027FE3E2C00FFA828 /* ResultTableViewCell.swift in Sources */,
				FA7A72A127FF89D900FFA828 /* SavedSearchResult.swift in Sources */,
				FADBA2602804534A00673838 /* SearchViewModel.swift in Sources */,
				FA0CF55D27FE17B100ACF4F3 /* DetailsViewController.swift in Sources */,
				FA7A72AA27FFA84200FFA828 /* String+Extension.swift in Sources */,
				FA7A727527FF04A800FFA828 /* HourlyCollectionViewCell.swift in Sources */,
				FADBA2642804573E00673838 /* DetailsViewModel.swift in Sources */,
			);
			runOnlyForDeploymentPostprocessing = 0;
		};
/* End PBXSourcesBuildPhase section */

/* Begin PBXVariantGroup section */
		FA0CF54E27FE004800ACF4F3 /* Main.storyboard */ = {
			isa = PBXVariantGroup;
			children = (
				FA0CF54F27FE004800ACF4F3 /* Base */,
			);
			name = Main.storyboard;
			sourceTree = "<group>";
		};
		FA0CF55327FE004F00ACF4F3 /* LaunchScreen.storyboard */ = {
			isa = PBXVariantGroup;
			children = (
				FA0CF55427FE004F00ACF4F3 /* Base */,
			);
			name = LaunchScreen.storyboard;
			sourceTree = "<group>";
		};
/* End PBXVariantGroup section */

/* Begin XCBuildConfiguration section */
		FA0CF55727FE004F00ACF4F3 /* Debug */ = {
			isa = XCBuildConfiguration;
			buildSettings = {
				ALWAYS_SEARCH_USER_PATHS = NO;
				CLANG_ANALYZER_NONNULL = YES;
				CLANG_ANALYZER_NUMBER_OBJECT_CONVERSION = YES_AGGRESSIVE;
				CLANG_CXX_LANGUAGE_STANDARD = "gnu++17";
				CLANG_ENABLE_MODULES = YES;
				CLANG_ENABLE_OBJC_ARC = YES;
				CLANG_ENABLE_OBJC_WEAK = YES;
				CLANG_WARN_BLOCK_CAPTURE_AUTORELEASING = YES;
				CLANG_WARN_BOOL_CONVERSION = YES;
				CLANG_WARN_COMMA = YES;
				CLANG_WARN_CONSTANT_CONVERSION = YES;
				CLANG_WARN_DEPRECATED_OBJC_IMPLEMENTATIONS = YES;
				CLANG_WARN_DIRECT_OBJC_ISA_USAGE = YES_ERROR;
				CLANG_WARN_DOCUMENTATION_COMMENTS = YES;
				CLANG_WARN_EMPTY_BODY = YES;
				CLANG_WARN_ENUM_CONVERSION = YES;
				CLANG_WARN_INFINITE_RECURSION = YES;
				CLANG_WARN_INT_CONVERSION = YES;
				CLANG_WARN_NON_LITERAL_NULL_CONVERSION = YES;
				CLANG_WARN_OBJC_IMPLICIT_RETAIN_SELF = YES;
				CLANG_WARN_OBJC_LITERAL_CONVERSION = YES;
				CLANG_WARN_OBJC_ROOT_CLASS = YES_ERROR;
				CLANG_WARN_QUOTED_INCLUDE_IN_FRAMEWORK_HEADER = YES;
				CLANG_WARN_RANGE_LOOP_ANALYSIS = YES;
				CLANG_WARN_STRICT_PROTOTYPES = YES;
				CLANG_WARN_SUSPICIOUS_MOVE = YES;
				CLANG_WARN_UNGUARDED_AVAILABILITY = YES_AGGRESSIVE;
				CLANG_WARN_UNREACHABLE_CODE = YES;
				CLANG_WARN__DUPLICATE_METHOD_MATCH = YES;
				COPY_PHASE_STRIP = NO;
				DEBUG_INFORMATION_FORMAT = dwarf;
				ENABLE_STRICT_OBJC_MSGSEND = YES;
				ENABLE_TESTABILITY = YES;
				GCC_C_LANGUAGE_STANDARD = gnu11;
				GCC_DYNAMIC_NO_PIC = NO;
				GCC_NO_COMMON_BLOCKS = YES;
				GCC_OPTIMIZATION_LEVEL = 0;
				GCC_PREPROCESSOR_DEFINITIONS = (
					"DEBUG=1",
					"$(inherited)",
				);
				GCC_WARN_64_TO_32_BIT_CONVERSION = YES;
				GCC_WARN_ABOUT_RETURN_TYPE = YES_ERROR;
				GCC_WARN_UNDECLARED_SELECTOR = YES;
				GCC_WARN_UNINITIALIZED_AUTOS = YES_AGGRESSIVE;
				GCC_WARN_UNUSED_FUNCTION = YES;
				GCC_WARN_UNUSED_VARIABLE = YES;
				IPHONEOS_DEPLOYMENT_TARGET = 11.0;
				MTL_ENABLE_DEBUG_INFO = INCLUDE_SOURCE;
				MTL_FAST_MATH = YES;
				ONLY_ACTIVE_ARCH = YES;
				SDKROOT = iphoneos;
				SWIFT_ACTIVE_COMPILATION_CONDITIONS = DEBUG;
				SWIFT_OPTIMIZATION_LEVEL = "-Onone";
			};
			name = Debug;
		};
		FA0CF55827FE004F00ACF4F3 /* Release */ = {
			isa = XCBuildConfiguration;
			buildSettings = {
				ALWAYS_SEARCH_USER_PATHS = NO;
				CLANG_ANALYZER_NONNULL = YES;
				CLANG_ANALYZER_NUMBER_OBJECT_CONVERSION = YES_AGGRESSIVE;
				CLANG_CXX_LANGUAGE_STANDARD = "gnu++17";
				CLANG_ENABLE_MODULES = YES;
				CLANG_ENABLE_OBJC_ARC = YES;
				CLANG_ENABLE_OBJC_WEAK = YES;
				CLANG_WARN_BLOCK_CAPTURE_AUTORELEASING = YES;
				CLANG_WARN_BOOL_CONVERSION = YES;
				CLANG_WARN_COMMA = YES;
				CLANG_WARN_CONSTANT_CONVERSION = YES;
				CLANG_WARN_DEPRECATED_OBJC_IMPLEMENTATIONS = YES;
				CLANG_WARN_DIRECT_OBJC_ISA_USAGE = YES_ERROR;
				CLANG_WARN_DOCUMENTATION_COMMENTS = YES;
				CLANG_WARN_EMPTY_BODY = YES;
				CLANG_WARN_ENUM_CONVERSION = YES;
				CLANG_WARN_INFINITE_RECURSION = YES;
				CLANG_WARN_INT_CONVERSION = YES;
				CLANG_WARN_NON_LITERAL_NULL_CONVERSION = YES;
				CLANG_WARN_OBJC_IMPLICIT_RETAIN_SELF = YES;
				CLANG_WARN_OBJC_LITERAL_CONVERSION = YES;
				CLANG_WARN_OBJC_ROOT_CLASS = YES_ERROR;
				CLANG_WARN_QUOTED_INCLUDE_IN_FRAMEWORK_HEADER = YES;
				CLANG_WARN_RANGE_LOOP_ANALYSIS = YES;
				CLANG_WARN_STRICT_PROTOTYPES = YES;
				CLANG_WARN_SUSPICIOUS_MOVE = YES;
				CLANG_WARN_UNGUARDED_AVAILABILITY = YES_AGGRESSIVE;
				CLANG_WARN_UNREACHABLE_CODE = YES;
				CLANG_WARN__DUPLICATE_METHOD_MATCH = YES;
				COPY_PHASE_STRIP = NO;
				DEBUG_INFORMATION_FORMAT = "dwarf-with-dsym";
				ENABLE_NS_ASSERTIONS = NO;
				ENABLE_STRICT_OBJC_MSGSEND = YES;
				GCC_C_LANGUAGE_STANDARD = gnu11;
				GCC_NO_COMMON_BLOCKS = YES;
				GCC_WARN_64_TO_32_BIT_CONVERSION = YES;
				GCC_WARN_ABOUT_RETURN_TYPE = YES_ERROR;
				GCC_WARN_UNDECLARED_SELECTOR = YES;
				GCC_WARN_UNINITIALIZED_AUTOS = YES_AGGRESSIVE;
				GCC_WARN_UNUSED_FUNCTION = YES;
				GCC_WARN_UNUSED_VARIABLE = YES;
				IPHONEOS_DEPLOYMENT_TARGET = 11.0;
				MTL_ENABLE_DEBUG_INFO = NO;
				MTL_FAST_MATH = YES;
				SDKROOT = iphoneos;
				SWIFT_COMPILATION_MODE = wholemodule;
				SWIFT_OPTIMIZATION_LEVEL = "-O";
				VALIDATE_PRODUCT = YES;
			};
			name = Release;
		};
		FA0CF55A27FE004F00ACF4F3 /* Debug */ = {
			isa = XCBuildConfiguration;
			buildSettings = {
				ASSETCATALOG_COMPILER_APPICON_NAME = AppIcon;
				ASSETCATALOG_COMPILER_GLOBAL_ACCENT_COLOR_NAME = AccentColor;
				CODE_SIGN_STYLE = Automatic;
				CURRENT_PROJECT_VERSION = 1;
				GENERATE_INFOPLIST_FILE = YES;
				INFOPLIST_FILE = CityWeatherApp/Info.plist;
				INFOPLIST_KEY_UIApplicationSupportsIndirectInputEvents = YES;
				INFOPLIST_KEY_UILaunchStoryboardName = LaunchScreen;
				INFOPLIST_KEY_UIMainStoryboardFile = Main;
				INFOPLIST_KEY_UISupportedInterfaceOrientations_iPad = "UIInterfaceOrientationPortrait UIInterfaceOrientationPortraitUpsideDown UIInterfaceOrientationLandscapeLeft UIInterfaceOrientationLandscapeRight";
				INFOPLIST_KEY_UISupportedInterfaceOrientations_iPhone = "UIInterfaceOrientationPortrait UIInterfaceOrientationLandscapeLeft UIInterfaceOrientationLandscapeRight";
				LD_RUNPATH_SEARCH_PATHS = (
					"$(inherited)",
					"@executable_path/Frameworks",
				);
				MARKETING_VERSION = 1.0;
				PRODUCT_BUNDLE_IDENTIFIER = Andrew.CityWeatherApp;
				PRODUCT_NAME = "$(TARGET_NAME)";
				SWIFT_EMIT_LOC_STRINGS = YES;
				SWIFT_VERSION = 5.0;
				TARGETED_DEVICE_FAMILY = "1,2";
			};
			name = Debug;
		};
		FA0CF55B27FE004F00ACF4F3 /* Release */ = {
			isa = XCBuildConfiguration;
			buildSettings = {
				ASSETCATALOG_COMPILER_APPICON_NAME = AppIcon;
				ASSETCATALOG_COMPILER_GLOBAL_ACCENT_COLOR_NAME = AccentColor;
				CODE_SIGN_STYLE = Automatic;
				CURRENT_PROJECT_VERSION = 1;
				GENERATE_INFOPLIST_FILE = YES;
				INFOPLIST_FILE = CityWeatherApp/Info.plist;
				INFOPLIST_KEY_UIApplicationSupportsIndirectInputEvents = YES;
				INFOPLIST_KEY_UILaunchStoryboardName = LaunchScreen;
				INFOPLIST_KEY_UIMainStoryboardFile = Main;
				INFOPLIST_KEY_UISupportedInterfaceOrientations_iPad = "UIInterfaceOrientationPortrait UIInterfaceOrientationPortraitUpsideDown UIInterfaceOrientationLandscapeLeft UIInterfaceOrientationLandscapeRight";
				INFOPLIST_KEY_UISupportedInterfaceOrientations_iPhone = "UIInterfaceOrientationPortrait UIInterfaceOrientationLandscapeLeft UIInterfaceOrientationLandscapeRight";
				LD_RUNPATH_SEARCH_PATHS = (
					"$(inherited)",
					"@executable_path/Frameworks",
				);
				MARKETING_VERSION = 1.0;
				PRODUCT_BUNDLE_IDENTIFIER = Andrew.CityWeatherApp;
				PRODUCT_NAME = "$(TARGET_NAME)";
				SWIFT_EMIT_LOC_STRINGS = YES;
				SWIFT_VERSION = 5.0;
				TARGETED_DEVICE_FAMILY = "1,2";
			};
			name = Release;
		};
/* End XCBuildConfiguration section */

/* Begin XCConfigurationList section */
		FA0CF54027FE004800ACF4F3 /* Build configuration list for PBXProject "CityWeatherApp" */ = {
			isa = XCConfigurationList;
			buildConfigurations = (
				FA0CF55727FE004F00ACF4F3 /* Debug */,
				FA0CF55827FE004F00ACF4F3 /* Release */,
			);
			defaultConfigurationIsVisible = 0;
			defaultConfigurationName = Release;
		};
		FA0CF55927FE004F00ACF4F3 /* Build configuration list for PBXNativeTarget "CityWeatherApp" */ = {
			isa = XCConfigurationList;
			buildConfigurations = (
				FA0CF55A27FE004F00ACF4F3 /* Debug */,
				FA0CF55B27FE004F00ACF4F3 /* Release */,
			);
			defaultConfigurationIsVisible = 0;
			defaultConfigurationName = Release;
		};
/* End XCConfigurationList section */

/* Begin XCRemoteSwiftPackageReference section */
		FA7A726B27FE21BC00FFA828 /* XCRemoteSwiftPackageReference "Alamofire" */ = {
			isa = XCRemoteSwiftPackageReference;
			repositoryURL = "https://github.com/Alamofire/Alamofire";
			requirement = {
				kind = upToNextMajorVersion;
				minimumVersion = 5.0.0;
			};
		};
		FA7A727D27FF4A4800FFA828 /* XCRemoteSwiftPackageReference "RxSwift" */ = {
			isa = XCRemoteSwiftPackageReference;
			repositoryURL = "https://github.com/ReactiveX/RxSwift";
			requirement = {
				kind = upToNextMajorVersion;
				minimumVersion = 6.0.0;
			};
		};
		FA7A72AB27FFBAB500FFA828 /* XCRemoteSwiftPackageReference "Kingfisher" */ = {
			isa = XCRemoteSwiftPackageReference;
			repositoryURL = "https://github.com/onevcat/Kingfisher.git";
			requirement = {
				branch = "version6-xcode13";
				kind = branch;
			};
		};
/* End XCRemoteSwiftPackageReference section */

/* Begin XCSwiftPackageProductDependency section */
		FA7A726C27FE21BC00FFA828 /* Alamofire */ = {
			isa = XCSwiftPackageProductDependency;
			package = FA7A726B27FE21BC00FFA828 /* XCRemoteSwiftPackageReference "Alamofire" */;
			productName = Alamofire;
		};
		FA7A727E27FF4A4800FFA828 /* RxSwift */ = {
			isa = XCSwiftPackageProductDependency;
			package = FA7A727D27FF4A4800FFA828 /* XCRemoteSwiftPackageReference "RxSwift" */;
			productName = RxSwift;
		};
		FA7A72AC27FFBAB500FFA828 /* Kingfisher */ = {
			isa = XCSwiftPackageProductDependency;
			package = FA7A72AB27FFBAB500FFA828 /* XCRemoteSwiftPackageReference "Kingfisher" */;
			productName = Kingfisher;
		};
/* End XCSwiftPackageProductDependency section */
	};
	rootObject = FA0CF53D27FE004800ACF4F3 /* Project object */;
}
